{
  "version": 1,
  "dependencies": {
    "net9.0-windows7.0": {
      "DalamudPackager": {
        "type": "Direct",
        "requested": "[13.1.0, )",
        "resolved": "13.1.0",
        "contentHash": "XdoNhJGyFby5M/sdcRhnc5xTop9PHy+H50PTWpzLhJugjB19EDBiHD/AsiDF66RETM+0qKUdJBZrNuebn7qswQ=="
      },
      "DotNet.ReproducibleBuilds": {
        "type": "Direct",
        "requested": "[1.2.25, )",
        "resolved": "1.2.25",
        "contentHash": "xCXiw7BCxHJ8pF6wPepRUddlh2dlQlbr81gXA72hdk4FLHkKXas7EH/n+fk5UCA/YfMqG1Z6XaPiUjDbUNBUzg=="
      },
      "Microsoft.Extensions.DependencyInjection": {
        "type": "Direct",
        "requested": "[9.0.9, )",
        "resolved": "9.0.9",
        "contentHash": "zQV2WOSP+3z1EuK91ULxfGgo2Y75bTRnmJHp08+w/YXAyekZutX/qCd88/HOMNh35MDW9mJJJxPpMPS+1Rww8A==",
        "dependencies": {
          "Microsoft.Extensions.DependencyInjection.Abstractions": "9.0.9"
        }
      },
      "System.Runtime.Caching": {
        "type": "Direct",
        "requested": "[9.0.10, )",
        "resolved": "9.0.10",
        "contentHash": "WFKbtzR8mfIZWeQlYGtyjMcse3DoNR0zLsNAev2dDYM8pY945EzzLPO84qnVa+BIEDF1woD8+TtboWSh65U2DQ==",
        "dependencies": {
          "System.Configuration.ConfigurationManager": "9.0.10"
        }
      },
      "Microsoft.Extensions.DependencyInjection.Abstractions": {
        "type": "Transitive",
        "resolved": "9.0.9",
        "contentHash": "/hymojfWbE9AlDOa0mczR44m00Jj+T3+HZO0ZnVTI032fVycI0ZbNOVFP6kqZMcXiLSYXzR2ilcwaRi6dzeGyA=="
      },
      "System.Configuration.ConfigurationManager": {
        "type": "Transitive",
        "resolved": "9.0.10",
        "contentHash": "5CBhl5dWmckKEtvk8F6GXtmHxNBoqAC8xILxIntNm7AzHiXQ09CXSLhncIJ/cQWaiNYzLjHZCgtMfx9tkCKHdA==",
        "dependencies": {
          "System.Diagnostics.EventLog": "9.0.10",
          "System.Security.Cryptography.ProtectedData": "9.0.10"
        }
      },
      "System.Diagnostics.EventLog": {
        "type": "Transitive",
        "resolved": "9.0.10",
        "contentHash": "Jc+az1pTMujPLDn2j5eqSfzlO7j/T1K/LB7THxdfRWOxujE4zaitUqBs7sv1t6/xmmvpU6Xx3IofCs4owYH0yQ=="
      },
      "System.Security.Cryptography.ProtectedData": {
        "type": "Transitive",
        "resolved": "9.0.10",
        "contentHash": "iC0InhfWdk0nHlbcTAAUyWt9X4+CsaZz9elQy0otFcsUkd/Wm+DmEwjqyH9PgFl1XcSowzhv67njCstABTc3Hw=="
      }
    }
  }
}